
Microsoft Visual Studio Solution File, Format Version 11.00
# Visual Studio 2010
Project("{FAE04EC0-301F-11D3-BF4B-00C04F79EFBC}") = "OneShoppingList", "OneShoppingList\OneShoppingList.csproj", "{1580C340-5D00-4FDE-AEF6-9886598D2362}"
EndProject
Global
	GlobalSection(TeamFoundationVersionControl) = preSolution
		SccNumberOfProjects = 2
		SccEnterpriseProvider = {4CA58AB2-18FA-4F8D-95D4-32DDF27D184C}
		SccTeamFoundationServer = https://tfs.codeplex.com/tfs/tfs12
		SccLocalPath0 = .
		SccProjectUniqueName1 = OneShoppingList\\OneShoppingList.csproj
		SccProjectName1 = OneShoppingList
		SccLocalPath1 = OneShoppingList
	EndGlobalSection
	GlobalSection(SolutionConfigurationPlatforms) = preSolution
		Debug|Any CPU = Debug|Any CPU
		Release|Any CPU = Release|Any CPU
	EndGlobalSection
	GlobalSection(ProjectConfigurationPlatforms) = postSolution
		{1580C340-5D00-4FDE-AEF6-9886598D2362}.Debug|Any CPU.ActiveCfg = Debug|Any CPU
		{1580C340-5D00-4FDE-AEF6-9886598D2362}.Debug|Any CPU.Build.0 = Debug|Any CPU
		{1580C340-5D00-4FDE-AEF6-9886598D2362}.Release|Any CPU.ActiveCfg = Release|Any CPU
		{1580C340-5D00-4FDE-AEF6-9886598D2362}.Release|Any CPU.Build.0 = Release|Any CPU
	EndGlobalSection
	GlobalSection(SolutionProperties) = preSolution
		HideSolutionNode = FALSE
	EndGlobalSection
EndGlobal
